
Microsoft Visual Studio Solution File, Format Version 12.00
Project("{FAE04EC0-301F-11D3-BF4B-00C04F79EFBC}") = "ScumDB", "ScumDB\ScumDB.csproj", "{E51A93CD-987F-46ED-B83E-8F692B9897D7}"
EndProject
Project("{FAE04EC0-301F-11D3-BF4B-00C04F79EFBC}") = "SignalR", "SignalR\SignalR.csproj", "{6FA9A7CF-9A87-481C-8D6D-FD9BDFDF7EE2}"
EndProject
Project("{FAE04EC0-301F-11D3-BF4B-00C04F79EFBC}") = "UniverseStudio", "UniverseStudio\UniverseStudio.csproj", "{D76D6E93-8E23-4496-A972-D0706C43C65D}"
EndProject
Project("{FAE04EC0-301F-11D3-BF4B-00C04F79EFBC}") = "UpdateAPI", "UpdateAPI\UpdateAPI.csproj", "{E121E58E-8FE0-4504-AF95-849F6922D2DB}"
EndProject
Global
	GlobalSection(SolutionConfigurationPlatforms) = preSolution
		Debug|Any CPU = Debug|Any CPU
		Release|Any CPU = Release|Any CPU
	EndGlobalSection
	GlobalSection(ProjectConfigurationPlatforms) = postSolution
		{E51A93CD-987F-46ED-B83E-8F692B9897D7}.Debug|Any CPU.ActiveCfg = Debug|Any CPU
		{E51A93CD-987F-46ED-B83E-8F692B9897D7}.Debug|Any CPU.Build.0 = Debug|Any CPU
		{E51A93CD-987F-46ED-B83E-8F692B9897D7}.Release|Any CPU.ActiveCfg = Release|Any CPU
		{E51A93CD-987F-46ED-B83E-8F692B9897D7}.Release|Any CPU.Build.0 = Release|Any CPU
		{6FA9A7CF-9A87-481C-8D6D-FD9BDFDF7EE2}.Debug|Any CPU.ActiveCfg = Debug|Any CPU
		{6FA9A7CF-9A87-481C-8D6D-FD9BDFDF7EE2}.Debug|Any CPU.Build.0 = Debug|Any CPU
		{6FA9A7CF-9A87-481C-8D6D-FD9BDFDF7EE2}.Release|Any CPU.ActiveCfg = Release|Any CPU
		{6FA9A7CF-9A87-481C-8D6D-FD9BDFDF7EE2}.Release|Any CPU.Build.0 = Release|Any CPU
		{D76D6E93-8E23-4496-A972-D0706C43C65D}.Debug|Any CPU.ActiveCfg = Debug|Any CPU
		{D76D6E93-8E23-4496-A972-D0706C43C65D}.Debug|Any CPU.Build.0 = Debug|Any CPU
		{D76D6E93-8E23-4496-A972-D0706C43C65D}.Release|Any CPU.ActiveCfg = Release|Any CPU
		{D76D6E93-8E23-4496-A972-D0706C43C65D}.Release|Any CPU.Build.0 = Release|Any CPU
		{E121E58E-8FE0-4504-AF95-849F6922D2DB}.Debug|Any CPU.ActiveCfg = Debug|Any CPU
		{E121E58E-8FE0-4504-AF95-849F6922D2DB}.Debug|Any CPU.Build.0 = Debug|Any CPU
		{E121E58E-8FE0-4504-AF95-849F6922D2DB}.Release|Any CPU.ActiveCfg = Release|Any CPU
		{E121E58E-8FE0-4504-AF95-849F6922D2DB}.Release|Any CPU.Build.0 = Release|Any CPU
	EndGlobalSection
EndGlobal
